
Microsoft Visual Studio Solution File, Format Version 12.00
# Visual Studio Express 2012 for Windows Desktop
Project("{FAE04EC0-301F-11D3-BF4B-00C04F79EFBC}") = "ColladaExporter2016", "ColladaExporter2016\ColladaExporter2016.csproj", "{4301C979-3ACD-484A-AC6D-95D9FBA61430}"
EndProject
Global
	GlobalSection(SolutionConfigurationPlatforms) = preSolution
		Debug|Any CPU = Debug|Any CPU
		Release|Any CPU = Release|Any CPU
	EndGlobalSection
	GlobalSection(ProjectConfigurationPlatforms) = postSolution
		{4301C979-3ACD-484A-AC6D-95D9FBA61430}.Debug|Any CPU.ActiveCfg = Debug|Any CPU
		{4301C979-3ACD-484A-AC6D-95D9FBA61430}.Debug|Any CPU.Build.0 = Debug|Any CPU
		{4301C979-3ACD-484A-AC6D-95D9FBA61430}.Release|Any CPU.ActiveCfg = Release|Any CPU
		{4301C979-3ACD-484A-AC6D-95D9FBA61430}.Release|Any CPU.Build.0 = Release|Any CPU
	EndGlobalSection
	GlobalSection(SolutionProperties) = preSolution
		HideSolutionNode = FALSE
	EndGlobalSection
EndGlobal
